
Microsoft Visual Studio Solution File, Format Version 12.00
# Visual Studio Version 16
VisualStudioVersion = 16.0.33328.57
MinimumVisualStudioVersion = 10.0.40219.1
Project("{8BC9CEB8-8B4A-11D0-8D11-00A0C91BC942}") = "rocket", "rocket\rocket.vcxproj", "{C289F1D1-757C-4216-BEDC-6BDABDB2A50B}"
EndProject
Global
	GlobalSection(SolutionConfigurationPlatforms) = preSolution
		Debug|x64 = Debug|x64
		Debug|x86 = Debug|x86
		Release|x64 = Release|x64
		Release|x86 = Release|x86
	EndGlobalSection
	GlobalSection(ProjectConfigurationPlatforms) = postSolution
		{C289F1D1-757C-4216-BEDC-6BDABDB2A50B}.Debug|x64.ActiveCfg = Debug|x64
		{C289F1D1-757C-4216-BEDC-6BDABDB2A50B}.Debug|x64.Build.0 = Debug|x64
		{C289F1D1-757C-4216-BEDC-6BDABDB2A50B}.Debug|x86.ActiveCfg = Debug|Win32
		{C289F1D1-757C-4216-BEDC-6BDABDB2A50B}.Debug|x86.Build.0 = Debug|Win32
		{C289F1D1-757C-4216-BEDC-6BDABDB2A50B}.Release|x64.ActiveCfg = Release|x64
		{C289F1D1-757C-4216-BEDC-6BDABDB2A50B}.Release|x64.Build.0 = Release|x64
		{C289F1D1-757C-4216-BEDC-6BDABDB2A50B}.Release|x86.ActiveCfg = Release|Win32
		{C289F1D1-757C-4216-BEDC-6BDABDB2A50B}.Release|x86.Build.0 = Release|Win32
	EndGlobalSection
	GlobalSection(SolutionProperties) = preSolution
		HideSolutionNode = FALSE
	EndGlobalSection
	GlobalSection(ExtensibilityGlobals) = postSolution
		SolutionGuid = {B7F0AAA2-7EB1-4E05-83E7-8D834B728D91}
	EndGlobalSection
EndGlobal
